
Microsoft Visual Studio Solution File, Format Version 12.00
# Visual Studio Version 16
VisualStudioVersion = 16.0.31205.134
MinimumVisualStudioVersion = 10.0.40219.1
Project("{2150E333-8FDC-42A3-9474-1A3956D46DE8}") = "Models", "Models", "{AB6E7722-8BA4-42C4-A89C-A3CAF7932D18}"
EndProject
Project("{2150E333-8FDC-42A3-9474-1A3956D46DE8}") = "Api", "Api", "{90ADE54C-6AA2-4C5C-AC41-0BF9DE1F99E4}"
EndProject
Project("{2150E333-8FDC-42A3-9474-1A3956D46DE8}") = "Clients", "Clients", "{963880DE-2DD7-48A3-8355-AD2FACA1466E}"
EndProject
Project("{2150E333-8FDC-42A3-9474-1A3956D46DE8}") = "Tests", "Tests", "{AB45B3D9-0330-4E26-9583-2D254B6AECDD}"
EndProject
Project("{9A19103F-16F7-4668-BE54-9A1E7A4F7556}") = "Notes", "Notes\Notes.csproj", "{96DA03B4-5A75-461D-8CF5-D15199C19100}"
EndProject
Project("{9A19103F-16F7-4668-BE54-9A1E7A4F7556}") = "Application", "Application\Application.csproj", "{67F01F0E-BA75-4652-8D51-6557DE1CDD32}"
EndProject
Project("{9A19103F-16F7-4668-BE54-9A1E7A4F7556}") = "Mvc", "Mvc\Mvc.csproj", "{241E000D-F5C5-40E8-87C9-0EA54A5C1013}"
EndProject
Project("{9A19103F-16F7-4668-BE54-9A1E7A4F7556}") = "IS4", "IS4\IS4.csproj", "{903F3872-7018-4035-B64A-065A25C88550}"
EndProject
Project("{9A19103F-16F7-4668-BE54-9A1E7A4F7556}") = "WPF", "WPF\WPF.csproj", "{9FA7ADC7-FD1B-4BCE-8366-B246592897EE}"
EndProject
Project("{FAE04EC0-301F-11D3-BF4B-00C04F79EFBC}") = "Notes.Test", "Notes.Test\Notes.Test.csproj", "{6A7A417B-E818-4AB2-9B74-0C4069106BE4}"
EndProject
Global
	GlobalSection(SolutionConfigurationPlatforms) = preSolution
		Debug|Any CPU = Debug|Any CPU
		Release|Any CPU = Release|Any CPU
	EndGlobalSection
	GlobalSection(ProjectConfigurationPlatforms) = postSolution
		{96DA03B4-5A75-461D-8CF5-D15199C19100}.Debug|Any CPU.ActiveCfg = Debug|Any CPU
		{96DA03B4-5A75-461D-8CF5-D15199C19100}.Debug|Any CPU.Build.0 = Debug|Any CPU
		{96DA03B4-5A75-461D-8CF5-D15199C19100}.Release|Any CPU.ActiveCfg = Release|Any CPU
		{96DA03B4-5A75-461D-8CF5-D15199C19100}.Release|Any CPU.Build.0 = Release|Any CPU
		{67F01F0E-BA75-4652-8D51-6557DE1CDD32}.Debug|Any CPU.ActiveCfg = Debug|Any CPU
		{67F01F0E-BA75-4652-8D51-6557DE1CDD32}.Debug|Any CPU.Build.0 = Debug|Any CPU
		{67F01F0E-BA75-4652-8D51-6557DE1CDD32}.Release|Any CPU.ActiveCfg = Release|Any CPU
		{67F01F0E-BA75-4652-8D51-6557DE1CDD32}.Release|Any CPU.Build.0 = Release|Any CPU
		{241E000D-F5C5-40E8-87C9-0EA54A5C1013}.Debug|Any CPU.ActiveCfg = Debug|Any CPU
		{241E000D-F5C5-40E8-87C9-0EA54A5C1013}.Debug|Any CPU.Build.0 = Debug|Any CPU
		{241E000D-F5C5-40E8-87C9-0EA54A5C1013}.Release|Any CPU.ActiveCfg = Release|Any CPU
		{241E000D-F5C5-40E8-87C9-0EA54A5C1013}.Release|Any CPU.Build.0 = Release|Any CPU
		{903F3872-7018-4035-B64A-065A25C88550}.Debug|Any CPU.ActiveCfg = Debug|Any CPU
		{903F3872-7018-4035-B64A-065A25C88550}.Debug|Any CPU.Build.0 = Debug|Any CPU
		{903F3872-7018-4035-B64A-065A25C88550}.Release|Any CPU.ActiveCfg = Release|Any CPU
		{903F3872-7018-4035-B64A-065A25C88550}.Release|Any CPU.Build.0 = Release|Any CPU
		{9FA7ADC7-FD1B-4BCE-8366-B246592897EE}.Debug|Any CPU.ActiveCfg = Debug|Any CPU
		{9FA7ADC7-FD1B-4BCE-8366-B246592897EE}.Debug|Any CPU.Build.0 = Debug|Any CPU
		{9FA7ADC7-FD1B-4BCE-8366-B246592897EE}.Release|Any CPU.ActiveCfg = Release|Any CPU
		{9FA7ADC7-FD1B-4BCE-8366-B246592897EE}.Release|Any CPU.Build.0 = Release|Any CPU
		{6A7A417B-E818-4AB2-9B74-0C4069106BE4}.Debug|Any CPU.ActiveCfg = Debug|Any CPU
		{6A7A417B-E818-4AB2-9B74-0C4069106BE4}.Debug|Any CPU.Build.0 = Debug|Any CPU
		{6A7A417B-E818-4AB2-9B74-0C4069106BE4}.Release|Any CPU.ActiveCfg = Release|Any CPU
		{6A7A417B-E818-4AB2-9B74-0C4069106BE4}.Release|Any CPU.Build.0 = Release|Any CPU
	EndGlobalSection
	GlobalSection(SolutionProperties) = preSolution
		HideSolutionNode = FALSE
	EndGlobalSection
	GlobalSection(NestedProjects) = preSolution
		{96DA03B4-5A75-461D-8CF5-D15199C19100} = {AB6E7722-8BA4-42C4-A89C-A3CAF7932D18}
		{67F01F0E-BA75-4652-8D51-6557DE1CDD32} = {90ADE54C-6AA2-4C5C-AC41-0BF9DE1F99E4}
		{241E000D-F5C5-40E8-87C9-0EA54A5C1013} = {963880DE-2DD7-48A3-8355-AD2FACA1466E}
		{903F3872-7018-4035-B64A-065A25C88550} = {90ADE54C-6AA2-4C5C-AC41-0BF9DE1F99E4}
		{9FA7ADC7-FD1B-4BCE-8366-B246592897EE} = {963880DE-2DD7-48A3-8355-AD2FACA1466E}
		{6A7A417B-E818-4AB2-9B74-0C4069106BE4} = {AB45B3D9-0330-4E26-9583-2D254B6AECDD}
	EndGlobalSection
	GlobalSection(ExtensibilityGlobals) = postSolution
		SolutionGuid = {EEDB27A3-201C-4C51-A54E-37D2BEED0B6B}
	EndGlobalSection
EndGlobal
